
Microsoft Visual Studio Solution File, Format Version 12.00
# Visual Studio Version 17
VisualStudioVersion = 17.0.32112.339
MinimumVisualStudioVersion = 10.0.40219.1
Project("{FAE04EC0-301F-11D3-BF4B-00C04F79EFBC}") = "Servirochek", "Servirochek\Servirochek.csproj", "{D59229E5-31FD-46E4-9456-5516B75ACFC5}"
EndProject
Global
	GlobalSection(SolutionConfigurationPlatforms) = preSolution
		Debug|Any CPU = Debug|Any CPU
		Release|Any CPU = Release|Any CPU
	EndGlobalSection
	GlobalSection(ProjectConfigurationPlatforms) = postSolution
		{D59229E5-31FD-46E4-9456-5516B75ACFC5}.Debug|Any CPU.ActiveCfg = Debug|Any CPU
		{D59229E5-31FD-46E4-9456-5516B75ACFC5}.Debug|Any CPU.Build.0 = Debug|Any CPU
		{D59229E5-31FD-46E4-9456-5516B75ACFC5}.Release|Any CPU.ActiveCfg = Release|Any CPU
		{D59229E5-31FD-46E4-9456-5516B75ACFC5}.Release|Any CPU.Build.0 = Release|Any CPU
	EndGlobalSection
	GlobalSection(SolutionProperties) = preSolution
		HideSolutionNode = FALSE
	EndGlobalSection
	GlobalSection(ExtensibilityGlobals) = postSolution
		SolutionGuid = {CF766A44-E310-4102-97D2-736618B99FCE}
	EndGlobalSection
EndGlobal
